// !$*UTF8*$!
{
	archiveVersion = 1;
	classes = {
	};
	objectVersion = 50;
	objects = {

/* Begin PBXBuildFile section */
		0952A27F249A5F4D00797DB8 /* AppDelegate.swift in Sources */ = {isa = PBXBuildFile; fileRef = 0952A27E249A5F4D00797DB8 /* AppDelegate.swift */; };
		0952A283249A5F4D00797DB8 /* ViewController.swift in Sources */ = {isa = PBXBuildFile; fileRef = 0952A282249A5F4D00797DB8 /* ViewController.swift */; };
		0952A286249A5F4D00797DB8 /* Main.storyboard in Resources */ = {isa = PBXBuildFile; fileRef = 0952A284249A5F4D00797DB8 /* Main.storyboard */; };
		0952A289249A5F4D00797DB8 /* MagicalGrid.xcdatamodeld in Sources */ = {isa = PBXBuildFile; fileRef = 0952A287249A5F4D00797DB8 /* MagicalGrid.xcdatamodeld */; };
		0952A28B249A5F5000797DB8 /* Assets.xcassets in Resources */ = {isa = PBXBuildFile; fileRef = 0952A28A249A5F5000797DB8 /* Assets.xcassets */; };
		0952A28E249A5F5000797DB8 /* LaunchScreen.storyboard in Resources */ = {isa = PBXBuildFile; fileRef = 0952A28C249A5F5000797DB8 /* LaunchScreen.storyboard */; };
		0952A2BD249FA2F700797DB8 /* SceneDelegate.swift in Sources */ = {isa = PBXBuildFile; fileRef = 0952A2BC249FA2F600797DB8 /* SceneDelegate.swift */; };
		0952A31824A2432D00797DB8 /* British_Shorthair.jpg in Resources */ = {isa = PBXBuildFile; fileRef = 0952A30E24A2432D00797DB8 /* British_Shorthair.jpg */; };
		0952A31924A2432D00797DB8 /* Sphynx.jpg in Resources */ = {isa = PBXBuildFile; fileRef = 0952A30F24A2432D00797DB8 /* Sphynx.jpg */; };
		0952A31A24A2432D00797DB8 /* Maine_Coon.jpg in Resources */ = {isa = PBXBuildFile; fileRef = 0952A31024A2432D00797DB8 /* Maine_Coon.jpg */; };
		0952A31B24A2432D00797DB8 /* Persian_cat.jpg in Resources */ = {isa = PBXBuildFile; fileRef = 0952A31124A2432D00797DB8 /* Persian_cat.jpg */; };
		0952A31C24A2432D00797DB8 /* Siamese.jpg in Resources */ = {isa = PBXBuildFile; fileRef = 0952A31224A2432D00797DB8 /* Siamese.jpg */; };
		0952A31D24A2432D00797DB8 /* Ragdoll.jpg in Resources */ = {isa = PBXBuildFile; fileRef = 0952A31324A2432D00797DB8 /* Ragdoll.jpg */; };
		0952A31E24A2432D00797DB8 /* Savannah_cat.jpg in Resources */ = {isa = PBXBuildFile; fileRef = 0952A31424A2432D00797DB8 /* Savannah_cat.jpg */; };
		0952A31F24A2432D00797DB8 /* Munchkin.jpg in Resources */ = {isa = PBXBuildFile; fileRef = 0952A31524A2432D00797DB8 /* Munchkin.jpg */; };
		0952A32024A2432D00797DB8 /* Felis_silvestris_catus.jpg in Resources */ = {isa = PBXBuildFile; fileRef = 0952A31624A2432D00797DB8 /* Felis_silvestris_catus.jpg */; };
		0952A32124A2432D00797DB8 /* Bengal_cat.jpg in Resources */ = {isa = PBXBuildFile; fileRef = 0952A31724A2432D00797DB8 /* Bengal_cat.jpg */; };
		0952A32324A4F71600797DB8 /* Norway_Cat.jpg in Resources */ = {isa = PBXBuildFile; fileRef = 0952A32224A4F71600797DB8 /* Norway_Cat.jpg */; };
		0952A32524A4F71F00797DB8 /* Russian_Blue.jpg in Resources */ = {isa = PBXBuildFile; fileRef = 0952A32424A4F71F00797DB8 /* Russian_Blue.jpg */; };
		0952A32724A4F72500797DB8 /* Siberian_cat.jpg in Resources */ = {isa = PBXBuildFile; fileRef = 0952A32624A4F72500797DB8 /* Siberian_cat.jpg */; };
		0952A32924A4F72C00797DB8 /* Turkey_angora.jpg in Resources */ = {isa = PBXBuildFile; fileRef = 0952A32824A4F72C00797DB8 /* Turkey_angora.jpg */; };
/* End PBXBuildFile section */

/* Begin PBXFileReference section */
		0952A27B249A5F4D00797DB8 /* MagicalGrid.app */ = {isa = PBXFileReference; explicitFileType = wrapper.application; includeInIndex = 0; path = MagicalGrid.app; sourceTree = BUILT_PRODUCTS_DIR; };
		0952A27E249A5F4D00797DB8 /* AppDelegate.swift */ = {isa = PBXFileReference; lastKnownFileType = sourcecode.swift; path = AppDelegate.swift; sourceTree = "<group>"; };
		0952A282249A5F4D00797DB8 /* ViewController.swift */ = {isa = PBXFileReference; lastKnownFileType = sourcecode.swift; path = ViewController.swift; sourceTree = "<group>"; };
		0952A285249A5F4D00797DB8 /* Base */ = {isa = PBXFileReference; lastKnownFileType = file.storyboard; name = Base; path = Base.lproj/Main.storyboard; sourceTree = "<group>"; };
		0952A288249A5F4D00797DB8 /* MagicalGrid.xcdatamodel */ = {isa = PBXFileReference; lastKnownFileType = wrapper.xcdatamodel; path = MagicalGrid.xcdatamodel; sourceTree = "<group>"; };
		0952A28A249A5F5000797DB8 /* Assets.xcassets */ = {isa = PBXFileReference; lastKnownFileType = folder.assetcatalog; path = Assets.xcassets; sourceTree = "<group>"; };
		0952A28D249A5F5000797DB8 /* Base */ = {isa = PBXFileReference; lastKnownFileType = file.storyboard; name = Base; path = Base.lproj/LaunchScreen.storyboard; sourceTree = "<group>"; };
		0952A28F249A5F5000797DB8 /* Info.plist */ = {isa = PBXFileReference; lastKnownFileType = text.plist.xml; path = Info.plist; sourceTree = "<group>"; };
		0952A2BC249FA2F600797DB8 /* SceneDelegate.swift */ = {isa = PBXFileReference; fileEncoding = 4; lastKnownFileType = sourcecode.swift; path = SceneDelegate.swift; sourceTree = "<group>"; };
		0952A30E24A2432D00797DB8 /* British_Shorthair.jpg */ = {isa = PBXFileReference; lastKnownFileType = image.jpeg; path = British_Shorthair.jpg; sourceTree = "<group>"; };
		0952A30F24A2432D00797DB8 /* Sphynx.jpg */ = {isa = PBXFileReference; lastKnownFileType = image.jpeg; path = Sphynx.jpg; sourceTree = "<group>"; };
		0952A31024A2432D00797DB8 /* Maine_Coon.jpg */ = {isa = PBXFileReference; lastKnownFileType = image.jpeg; path = Maine_Coon.jpg; sourceTree = "<group>"; };
		0952A31124A2432D00797DB8 /* Persian_cat.jpg */ = {isa = PBXFileReference; lastKnownFileType = image.jpeg; path = Persian_cat.jpg; sourceTree = "<group>"; };
		0952A31224A2432D00797DB8 /* Siamese.jpg */ = {isa = PBXFileReference; lastKnownFileType = image.jpeg; path = Siamese.jpg; sourceTree = "<group>"; };
		0952A31324A2432D00797DB8 /* Ragdoll.jpg */ = {isa = PBXFileReference; lastKnownFileType = image.jpeg; path = Ragdoll.jpg; sourceTree = "<group>"; };
		0952A31424A2432D00797DB8 /* Savannah_cat.jpg */ = {isa = PBXFileReference; lastKnownFileType = image.jpeg; path = Savannah_cat.jpg; sourceTree = "<group>"; };
		0952A31524A2432D00797DB8 /* Munchkin.jpg */ = {isa = PBXFileReference; lastKnownFileType = image.jpeg; path = Munchkin.jpg; sourceTree = "<group>"; };
		0952A31624A2432D00797DB8 /* Felis_silvestris_catus.jpg */ = {isa = PBXFileReference; lastKnownFileType = image.jpeg; path = Felis_silvestris_catus.jpg; sourceTree = "<group>"; };
		0952A31724A2432D00797DB8 /* Bengal_cat.jpg */ = {isa = PBXFileReference; lastKnownFileType = image.jpeg; path = Bengal_cat.jpg; sourceTree = "<group>"; };
		0952A32224A4F71600797DB8 /* Norway_Cat.jpg */ = {isa = PBXFileReference; lastKnownFileType = image.jpeg; path = Norway_Cat.jpg; sourceTree = "<group>"; };
		0952A32424A4F71F00797DB8 /* Russian_Blue.jpg */ = {isa = PBXFileReference; lastKnownFileType = image.jpeg; path = Russian_Blue.jpg; sourceTree = "<group>"; };
		0952A32624A4F72500797DB8 /* Siberian_cat.jpg */ = {isa = PBXFileReference; lastKnownFileType = image.jpeg; path = Siberian_cat.jpg; sourceTree = "<group>"; };
		0952A32824A4F72C00797DB8 /* Turkey_angora.jpg */ = {isa = PBXFileReference; lastKnownFileType = image.jpeg; path = Turkey_angora.jpg; sourceTree = "<group>"; };
/* End PBXFileReference section */

/* Begin PBXFrameworksBuildPhase section */
		0952A278249A5F4D00797DB8 /* Frameworks */ = {
			isa = PBXFrameworksBuildPhase;
			buildActionMask = 2147483647;
			files = (
			);
			runOnlyForDeploymentPostprocessing = 0;
		};
/* End PBXFrameworksBuildPhase section */

/* Begin PBXGroup section */
		0952A272249A5F4D00797DB8 = {
			isa = PBXGroup;
			children = (
				0952A30D24A2432D00797DB8 /* picture */,
				0952A27D249A5F4D00797DB8 /* MagicalGrid */,
				0952A27C249A5F4D00797DB8 /* Products */,
			);
			sourceTree = "<group>";
		};
		0952A27C249A5F4D00797DB8 /* Products */ = {
			isa = PBXGroup;
			children = (
				0952A27B249A5F4D00797DB8 /* MagicalGrid.app */,
			);
			name = Products;
			sourceTree = "<group>";
		};
		0952A27D249A5F4D00797DB8 /* MagicalGrid */ = {
			isa = PBXGroup;
			children = (
				0952A27E249A5F4D00797DB8 /* AppDelegate.swift */,
				0952A2BC249FA2F600797DB8 /* SceneDelegate.swift */,
				0952A282249A5F4D00797DB8 /* ViewController.swift */,
				0952A284249A5F4D00797DB8 /* Main.storyboard */,
				0952A28A249A5F5000797DB8 /* Assets.xcassets */,
				0952A28C249A5F5000797DB8 /* LaunchScreen.storyboard */,
				0952A28F249A5F5000797DB8 /* Info.plist */,
				0952A287249A5F4D00797DB8 /* MagicalGrid.xcdatamodeld */,
			);
			path = MagicalGrid;
			sourceTree = "<group>";
		};
		0952A30D24A2432D00797DB8 /* picture */ = {
			isa = PBXGroup;
			children = (
				0952A30E24A2432D00797DB8 /* British_Shorthair.jpg */,
				0952A30F24A2432D00797DB8 /* Sphynx.jpg */,
				0952A31024A2432D00797DB8 /* Maine_Coon.jpg */,
				0952A31124A2432D00797DB8 /* Persian_cat.jpg */,
				0952A31224A2432D00797DB8 /* Siamese.jpg */,
				0952A31324A2432D00797DB8 /* Ragdoll.jpg */,
				0952A31424A2432D00797DB8 /* Savannah_cat.jpg */,
				0952A31524A2432D00797DB8 /* Munchkin.jpg */,
				0952A31624A2432D00797DB8 /* Felis_silvestris_catus.jpg */,
				0952A31724A2432D00797DB8 /* Bengal_cat.jpg */,
				0952A32224A4F71600797DB8 /* Norway_Cat.jpg */,
				0952A32424A4F71F00797DB8 /* Russian_Blue.jpg */,
				0952A32624A4F72500797DB8 /* Siberian_cat.jpg */,
				0952A32824A4F72C00797DB8 /* Turkey_angora.jpg */,
			);
			path = picture;
			sourceTree = "<group>";
		};
/* End PBXGroup section */

/* Begin PBXNativeTarget section */
		0952A27A249A5F4D00797DB8 /* MagicalGrid */ = {
			isa = PBXNativeTarget;
			buildConfigurationList = 0952A292249A5F5000797DB8 /* Build configuration list for PBXNativeTarget "MagicalGrid" */;
			buildPhases = (
				0952A277249A5F4D00797DB8 /* Sources */,
				0952A278249A5F4D00797DB8 /* Frameworks */,
				0952A279249A5F4D00797DB8 /* Resources */,
			);
			buildRules = (
			);
			dependencies = (
			);
			name = MagicalGrid;
			productName = MagicalGrid;
			productReference = 0952A27B249A5F4D00797DB8 /* MagicalGrid.app */;
			productType = "com.apple.product-type.application";
		};
/* End PBXNativeTarget section */

/* Begin PBXProject section */
		0952A273249A5F4D00797DB8 /* Project object */ = {
			isa = PBXProject;
			attributes = {
				LastSwiftUpdateCheck = 1150;
				LastUpgradeCheck = 1150;
				ORGANIZATIONNAME = "朱偉綸";
				TargetAttributes = {
					0952A27A249A5F4D00797DB8 = {
						CreatedOnToolsVersion = 11.5;
					};
				};
			};
			buildConfigurationList = 0952A276249A5F4D00797DB8 /* Build configuration list for PBXProject "MagicalGrid" */;
			compatibilityVersion = "Xcode 9.3";
			developmentRegion = en;
			hasScannedForEncodings = 0;
			knownRegions = (
				en,
				Base,
			);
			mainGroup = 0952A272249A5F4D00797DB8;
			productRefGroup = 0952A27C249A5F4D00797DB8 /* Products */;
			projectDirPath = "";
			projectRoot = "";
			targets = (
				0952A27A249A5F4D00797DB8 /* MagicalGrid */,
			);
		};
/* End PBXProject section */

/* Begin PBXResourcesBuildPhase section */
		0952A279249A5F4D00797DB8 /* Resources */ = {
			isa = PBXResourcesBuildPhase;
			buildActionMask = 2147483647;
			files = (
				0952A32324A4F71600797DB8 /* Norway_Cat.jpg in Resources */,
				0952A31F24A2432D00797DB8 /* Munchkin.jpg in Resources */,
				0952A31E24A2432D00797DB8 /* Savannah_cat.jpg in Resources */,
				0952A32724A4F72500797DB8 /* Siberian_cat.jpg in Resources */,
				0952A31B24A2432D00797DB8 /* Persian_cat.jpg in Resources */,
				0952A31D24A2432D00797DB8 /* Ragdoll.jpg in Resources */,
				0952A32124A2432D00797DB8 /* Bengal_cat.jpg in Resources */,
				0952A32524A4F71F00797DB8 /* Russian_Blue.jpg in Resources */,
				0952A31C24A2432D00797DB8 /* Siamese.jpg in Resources */,
				0952A32924A4F72C00797DB8 /* Turkey_angora.jpg in Resources */,
				0952A31824A2432D00797DB8 /* British_Shorthair.jpg in Resources */,
				0952A32024A2432D00797DB8 /* Felis_silvestris_catus.jpg in Resources */,
				0952A28E249A5F5000797DB8 /* LaunchScreen.storyboard in Resources */,
				0952A28B249A5F5000797DB8 /* Assets.xcassets in Resources */,
				0952A31924A2432D00797DB8 /* Sphynx.jpg in Resources */,
				0952A286249A5F4D00797DB8 /* Main.storyboard in Resources */,
				0952A31A24A2432D00797DB8 /* Maine_Coon.jpg in Resources */,
			);
			runOnlyForDeploymentPostprocessing = 0;
		};
/* End PBXResourcesBuildPhase section */

/* Begin PBXSourcesBuildPhase section */
		0952A277249A5F4D00797DB8 /* Sources */ = {
			isa = PBXSourcesBuildPhase;
			buildActionMask = 2147483647;
			files = (
				0952A289249A5F4D00797DB8 /* MagicalGrid.xcdatamodeld in Sources */,
				0952A283249A5F4D00797DB8 /* ViewController.swift in Sources */,
				0952A27F249A5F4D00797DB8 /* AppDelegate.swift in Sources */,
				0952A2BD249FA2F700797DB8 /* SceneDelegate.swift in Sources */,
			);
			runOnlyForDeploymentPostprocessing = 0;
		};
/* End PBXSourcesBuildPhase section */

/* Begin PBXVariantGroup section */
		0952A284249A5F4D00797DB8 /* Main.storyboard */ = {
			isa = PBXVariantGroup;
			children = (
				0952A285249A5F4D00797DB8 /* Base */,
			);
			name = Main.storyboard;
			sourceTree = "<group>";
		};
		0952A28C249A5F5000797DB8 /* LaunchScreen.storyboard */ = {
			isa = PBXVariantGroup;
			children = (
				0952A28D249A5F5000797DB8 /* Base */,
			);
			name = LaunchScreen.storyboard;
			sourceTree = "<group>";
		};
/* End PBXVariantGroup section */

/* Begin XCBuildConfiguration section */
		0952A290249A5F5000797DB8 /* Debug */ = {
			isa = XCBuildConfiguration;
			buildSettings = {
				ALWAYS_SEARCH_USER_PATHS = NO;
				CLANG_ANALYZER_NONNULL = YES;
				CLANG_ANALYZER_NUMBER_OBJECT_CONVERSION = YES_AGGRESSIVE;
				CLANG_CXX_LANGUAGE_STANDARD = "gnu++14";
				CLANG_CXX_LIBRARY = "libc++";
				CLANG_ENABLE_MODULES = YES;
				CLANG_ENABLE_OBJC_ARC = YES;
				CLANG_ENABLE_OBJC_WEAK = YES;
				CLANG_WARN_BLOCK_CAPTURE_AUTORELEASING = YES;
				CLANG_WARN_BOOL_CONVERSION = YES;
				CLANG_WARN_COMMA = YES;
				CLANG_WARN_CONSTANT_CONVERSION = YES;
				CLANG_WARN_DEPRECATED_OBJC_IMPLEMENTATIONS = YES;
				CLANG_WARN_DIRECT_OBJC_ISA_USAGE = YES_ERROR;
				CLANG_WARN_DOCUMENTATION_COMMENTS = YES;
				CLANG_WARN_EMPTY_BODY = YES;
				CLANG_WARN_ENUM_CONVERSION = YES;
				CLANG_WARN_INFINITE_RECURSION = YES;
				CLANG_WARN_INT_CONVERSION = YES;
				CLANG_WARN_NON_LITERAL_NULL_CONVERSION = YES;
				CLANG_WARN_OBJC_IMPLICIT_RETAIN_SELF = YES;
				CLANG_WARN_OBJC_LITERAL_CONVERSION = YES;
				CLANG_WARN_OBJC_ROOT_CLASS = YES_ERROR;
				CLANG_WARN_RANGE_LOOP_ANALYSIS = YES;
				CLANG_WARN_STRICT_PROTOTYPES = YES;
				CLANG_WARN_SUSPICIOUS_MOVE = YES;
				CLANG_WARN_UNGUARDED_AVAILABILITY = YES_AGGRESSIVE;
				CLANG_WARN_UNREACHABLE_CODE = YES;
				CLANG_WARN__DUPLICATE_METHOD_MATCH = YES;
				COPY_PHASE_STRIP = NO;
				DEBUG_INFORMATION_FORMAT = dwarf;
				ENABLE_STRICT_OBJC_MSGSEND = YES;
				ENABLE_TESTABILITY = YES;
				GCC_C_LANGUAGE_STANDARD = gnu11;
				GCC_DYNAMIC_NO_PIC = NO;
				GCC_NO_COMMON_BLOCKS = YES;
				GCC_OPTIMIZATION_LEVEL = 0;
				GCC_PREPROCESSOR_DEFINITIONS = (
					"DEBUG=1",
					"$(inherited)",
				);
				GCC_WARN_64_TO_32_BIT_CONVERSION = YES;
				GCC_WARN_ABOUT_RETURN_TYPE = YES_ERROR;
				GCC_WARN_UNDECLARED_SELECTOR = YES;
				GCC_WARN_UNINITIALIZED_AUTOS = YES_AGGRESSIVE;
				GCC_WARN_UNUSED_FUNCTION = YES;
				GCC_WARN_UNUSED_VARIABLE = YES;
				IPHONEOS_DEPLOYMENT_TARGET = 13.5;
				MTL_ENABLE_DEBUG_INFO = INCLUDE_SOURCE;
				MTL_FAST_MATH = YES;
				ONLY_ACTIVE_ARCH = YES;
				SDKROOT = iphoneos;
				SWIFT_ACTIVE_COMPILATION_CONDITIONS = DEBUG;
				SWIFT_OPTIMIZATION_LEVEL = "-Onone";
			};
			name = Debug;
		};
		0952A291249A5F5000797DB8 /* Release */ = {
			isa = XCBuildConfiguration;
			buildSettings = {
				ALWAYS_SEARCH_USER_PATHS = NO;
				CLANG_ANALYZER_NONNULL = YES;
				CLANG_ANALYZER_NUMBER_OBJECT_CONVERSION = YES_AGGRESSIVE;
				CLANG_CXX_LANGUAGE_STANDARD = "gnu++14";
				CLANG_CXX_LIBRARY = "libc++";
				CLANG_ENABLE_MODULES = YES;
				CLANG_ENABLE_OBJC_ARC = YES;
				CLANG_ENABLE_OBJC_WEAK = YES;
				CLANG_WARN_BLOCK_CAPTURE_AUTORELEASING = YES;
				CLANG_WARN_BOOL_CONVERSION = YES;
				CLANG_WARN_COMMA = YES;
				CLANG_WARN_CONSTANT_CONVERSION = YES;
				CLANG_WARN_DEPRECATED_OBJC_IMPLEMENTATIONS = YES;
				CLANG_WARN_DIRECT_OBJC_ISA_USAGE = YES_ERROR;
				CLANG_WARN_DOCUMENTATION_COMMENTS = YES;
				CLANG_WARN_EMPTY_BODY = YES;
				CLANG_WARN_ENUM_CONVERSION = YES;
				CLANG_WARN_INFINITE_RECURSION = YES;
				CLANG_WARN_INT_CONVERSION = YES;
				CLANG_WARN_NON_LITERAL_NULL_CONVERSION = YES;
				CLANG_WARN_OBJC_IMPLICIT_RETAIN_SELF = YES;
				CLANG_WARN_OBJC_LITERAL_CONVERSION = YES;
				CLANG_WARN_OBJC_ROOT_CLASS = YES_ERROR;
				CLANG_WARN_RANGE_LOOP_ANALYSIS = YES;
				CLANG_WARN_STRICT_PROTOTYPES = YES;
				CLANG_WARN_SUSPICIOUS_MOVE = YES;
				CLANG_WARN_UNGUARDED_AVAILABILITY = YES_AGGRESSIVE;
				CLANG_WARN_UNREACHABLE_CODE = YES;
				CLANG_WARN__DUPLICATE_METHOD_MATCH = YES;
				COPY_PHASE_STRIP = NO;
				DEBUG_INFORMATION_FORMAT = "dwarf-with-dsym";
				ENABLE_NS_ASSERTIONS = NO;
				ENABLE_STRICT_OBJC_MSGSEND = YES;
				GCC_C_LANGUAGE_STANDARD = gnu11;
				GCC_NO_COMMON_BLOCKS = YES;
				GCC_WARN_64_TO_32_BIT_CONVERSION = YES;
				GCC_WARN_ABOUT_RETURN_TYPE = YES_ERROR;
				GCC_WARN_UNDECLARED_SELECTOR = YES;
				GCC_WARN_UNINITIALIZED_AUTOS = YES_AGGRESSIVE;
				GCC_WARN_UNUSED_FUNCTION = YES;
				GCC_WARN_UNUSED_VARIABLE = YES;
				IPHONEOS_DEPLOYMENT_TARGET = 13.5;
				MTL_ENABLE_DEBUG_INFO = NO;
				MTL_FAST_MATH = YES;
				SDKROOT = iphoneos;
				SWIFT_COMPILATION_MODE = wholemodule;
				SWIFT_OPTIMIZATION_LEVEL = "-O";
				VALIDATE_PRODUCT = YES;
			};
			name = Release;
		};
		0952A293249A5F5000797DB8 /* Debug */ = {
			isa = XCBuildConfiguration;
			buildSettings = {
				ASSETCATALOG_COMPILER_APPICON_NAME = AppIcon;
				CODE_SIGN_STYLE = Automatic;
				DEVELOPMENT_TEAM = 2X49Y8FTV3;
				INFOPLIST_FILE = MagicalGrid/Info.plist;
				IPHONEOS_DEPLOYMENT_TARGET = 13.0;
				LD_RUNPATH_SEARCH_PATHS = (
					"$(inherited)",
					"@executable_path/Frameworks",
				);
				PRODUCT_BUNDLE_IDENTIFIER = chuweilun.MagicalGrid;
				PRODUCT_NAME = "$(TARGET_NAME)";
				SWIFT_VERSION = 5.0;
				TARGETED_DEVICE_FAMILY = "1,2";
			};
			name = Debug;
		};
		0952A294249A5F5000797DB8 /* Release */ = {
			isa = XCBuildConfiguration;
			buildSettings = {
				ASSETCATALOG_COMPILER_APPICON_NAME = AppIcon;
				CODE_SIGN_STYLE = Automatic;
				DEVELOPMENT_TEAM = 2X49Y8FTV3;
				INFOPLIST_FILE = MagicalGrid/Info.plist;
				IPHONEOS_DEPLOYMENT_TARGET = 13.0;
				LD_RUNPATH_SEARCH_PATHS = (
					"$(inherited)",
					"@executable_path/Frameworks",
				);
				PRODUCT_BUNDLE_IDENTIFIER = chuweilun.MagicalGrid;
				PRODUCT_NAME = "$(TARGET_NAME)";
				SWIFT_VERSION = 5.0;
				TARGETED_DEVICE_FAMILY = "1,2";
			};
			name = Release;
		};
/* End XCBuildConfiguration section */

/* Begin XCConfigurationList section */
		0952A276249A5F4D00797DB8 /* Build configuration list for PBXProject "MagicalGrid" */ = {
			isa = XCConfigurationList;
			buildConfigurations = (
				0952A290249A5F5000797DB8 /* Debug */,
				0952A291249A5F5000797DB8 /* Release */,
			);
			defaultConfigurationIsVisible = 0;
			defaultConfigurationName = Release;
		};
		0952A292249A5F5000797DB8 /* Build configuration list for PBXNativeTarget "MagicalGrid" */ = {
			isa = XCConfigurationList;
			buildConfigurations = (
				0952A293249A5F5000797DB8 /* Debug */,
				0952A294249A5F5000797DB8 /* Release */,
			);
			defaultConfigurationIsVisible = 0;
			defaultConfigurationName = Release;
		};
/* End XCConfigurationList section */

/* Begin XCVersionGroup section */
		0952A287249A5F4D00797DB8 /* MagicalGrid.xcdatamodeld */ = {
			isa = XCVersionGroup;
			children = (
				0952A288249A5F4D00797DB8 /* MagicalGrid.xcdatamodel */,
			);
			currentVersion = 0952A288249A5F4D00797DB8 /* MagicalGrid.xcdatamodel */;
			path = MagicalGrid.xcdatamodeld;
			sourceTree = "<group>";
			versionGroupType = wrapper.xcdatamodel;
		};
/* End XCVersionGroup section */
	};
	rootObject = 0952A273249A5F4D00797DB8 /* Project object */;
}
